
Microsoft Visual Studio Solution File, Format Version 12.00
# Visual Studio 15
VisualStudioVersion = 15.0.26124.0
MinimumVisualStudioVersion = 15.0.26124.0
Project("{2150E333-8FDC-42A3-9474-1A3956D46DE8}") = "Code", "Code", "{4FA67627-D2EA-4D2E-8193-B98095C5EC2E}"
EndProject
Project("{FAE04EC0-301F-11D3-BF4B-00C04F79EFBC}") = "test cmp.Api", "Code\test cmp.Api\test cmp.Api.csproj", "{624824C1-EAC8-4C62-BB21-7057E0D3224B}"
EndProject
Project("{FAE04EC0-301F-11D3-BF4B-00C04F79EFBC}") = "test cmp.Business", "Code\test cmp.Business\test cmp.Business.csproj", "{420DE0AB-A6B9-469A-AFF0-D86C7CFF4C8C}"
EndProject
Project("{FAE04EC0-301F-11D3-BF4B-00C04F79EFBC}") = "test cmp.Data", "Code\test cmp.Data\test cmp.Data.csproj", "{B1D0D3E6-09A6-418E-8313-3345D19C0AB4}"
EndProject
Project("{FAE04EC0-301F-11D3-BF4B-00C04F79EFBC}") = "test cmp.Entities", "Code\test cmp.Entities\test cmp.Entities.csproj", "{26968263-E69F-401F-85A2-BC5F32549F3F}"
EndProject
Project("{FAE04EC0-301F-11D3-BF4B-00C04F79EFBC}") = "test cmp.Test.Api", "Code\test cmp.Test.Api\test cmp.Test.Api.csproj", "{81C4741C-131C-41C8-BF2B-D6236F22721F}"
EndProject
Project("{FAE04EC0-301F-11D3-BF4B-00C04F79EFBC}") = "test cmp.Test.Business", "Code\test cmp.Test.Business\test cmp.Test.Business.csproj", "{A6E2B01C-6AE8-4154-81B9-DD68630AB0FE}"
EndProject
Project("{FAE04EC0-301F-11D3-BF4B-00C04F79EFBC}") = "test cmp.Test.Framework", "Code\test cmp.Test.Framework\test cmp.Test.Framework.csproj", "{9C95FF2B-41D0-4956-86D2-AFF7DD0438C3}"
EndProject
Project("{2150E333-8FDC-42A3-9474-1A3956D46DE8}") = "Test", "Test", "{36844016-2B3C-4754-8508-5C224E66BEF8}"
EndProject
Global
	GlobalSection(SolutionConfigurationPlatforms) = preSolution
		Debug|Any CPU = Debug|Any CPU
		Debug|x64 = Debug|x64
		Debug|x86 = Debug|x86
		Release|Any CPU = Release|Any CPU
		Release|x64 = Release|x64
		Release|x86 = Release|x86
	EndGlobalSection
	GlobalSection(SolutionProperties) = preSolution
		HideSolutionNode = FALSE
	EndGlobalSection
	GlobalSection(ProjectConfigurationPlatforms) = postSolution
		{624824C1-EAC8-4C62-BB21-7057E0D3224B}.Debug|Any CPU.ActiveCfg = Debug|Any CPU
		{624824C1-EAC8-4C62-BB21-7057E0D3224B}.Debug|Any CPU.Build.0 = Debug|Any CPU
		{624824C1-EAC8-4C62-BB21-7057E0D3224B}.Debug|x64.ActiveCfg = Debug|Any CPU
		{624824C1-EAC8-4C62-BB21-7057E0D3224B}.Debug|x64.Build.0 = Debug|Any CPU
		{624824C1-EAC8-4C62-BB21-7057E0D3224B}.Debug|x86.ActiveCfg = Debug|Any CPU
		{624824C1-EAC8-4C62-BB21-7057E0D3224B}.Debug|x86.Build.0 = Debug|Any CPU
		{624824C1-EAC8-4C62-BB21-7057E0D3224B}.Release|Any CPU.ActiveCfg = Release|Any CPU
		{624824C1-EAC8-4C62-BB21-7057E0D3224B}.Release|Any CPU.Build.0 = Release|Any CPU
		{624824C1-EAC8-4C62-BB21-7057E0D3224B}.Release|x64.ActiveCfg = Release|Any CPU
		{624824C1-EAC8-4C62-BB21-7057E0D3224B}.Release|x64.Build.0 = Release|Any CPU
		{624824C1-EAC8-4C62-BB21-7057E0D3224B}.Release|x86.ActiveCfg = Release|Any CPU
		{624824C1-EAC8-4C62-BB21-7057E0D3224B}.Release|x86.Build.0 = Release|Any CPU
		{420DE0AB-A6B9-469A-AFF0-D86C7CFF4C8C}.Debug|Any CPU.ActiveCfg = Debug|Any CPU
		{420DE0AB-A6B9-469A-AFF0-D86C7CFF4C8C}.Debug|Any CPU.Build.0 = Debug|Any CPU
		{420DE0AB-A6B9-469A-AFF0-D86C7CFF4C8C}.Debug|x64.ActiveCfg = Debug|Any CPU
		{420DE0AB-A6B9-469A-AFF0-D86C7CFF4C8C}.Debug|x64.Build.0 = Debug|Any CPU
		{420DE0AB-A6B9-469A-AFF0-D86C7CFF4C8C}.Debug|x86.ActiveCfg = Debug|Any CPU
		{420DE0AB-A6B9-469A-AFF0-D86C7CFF4C8C}.Debug|x86.Build.0 = Debug|Any CPU
		{420DE0AB-A6B9-469A-AFF0-D86C7CFF4C8C}.Release|Any CPU.ActiveCfg = Release|Any CPU
		{420DE0AB-A6B9-469A-AFF0-D86C7CFF4C8C}.Release|Any CPU.Build.0 = Release|Any CPU
		{420DE0AB-A6B9-469A-AFF0-D86C7CFF4C8C}.Release|x64.ActiveCfg = Release|Any CPU
		{420DE0AB-A6B9-469A-AFF0-D86C7CFF4C8C}.Release|x64.Build.0 = Release|Any CPU
		{420DE0AB-A6B9-469A-AFF0-D86C7CFF4C8C}.Release|x86.ActiveCfg = Release|Any CPU
		{420DE0AB-A6B9-469A-AFF0-D86C7CFF4C8C}.Release|x86.Build.0 = Release|Any CPU
		{B1D0D3E6-09A6-418E-8313-3345D19C0AB4}.Debug|Any CPU.ActiveCfg = Debug|Any CPU
		{B1D0D3E6-09A6-418E-8313-3345D19C0AB4}.Debug|Any CPU.Build.0 = Debug|Any CPU
		{B1D0D3E6-09A6-418E-8313-3345D19C0AB4}.Debug|x64.ActiveCfg = Debug|Any CPU
		{B1D0D3E6-09A6-418E-8313-3345D19C0AB4}.Debug|x64.Build.0 = Debug|Any CPU
		{B1D0D3E6-09A6-418E-8313-3345D19C0AB4}.Debug|x86.ActiveCfg = Debug|Any CPU
		{B1D0D3E6-09A6-418E-8313-3345D19C0AB4}.Debug|x86.Build.0 = Debug|Any CPU
		{B1D0D3E6-09A6-418E-8313-3345D19C0AB4}.Release|Any CPU.ActiveCfg = Release|Any CPU
		{B1D0D3E6-09A6-418E-8313-3345D19C0AB4}.Release|Any CPU.Build.0 = Release|Any CPU
		{B1D0D3E6-09A6-418E-8313-3345D19C0AB4}.Release|x64.ActiveCfg = Release|Any CPU
		{B1D0D3E6-09A6-418E-8313-3345D19C0AB4}.Release|x64.Build.0 = Release|Any CPU
		{B1D0D3E6-09A6-418E-8313-3345D19C0AB4}.Release|x86.ActiveCfg = Release|Any CPU
		{B1D0D3E6-09A6-418E-8313-3345D19C0AB4}.Release|x86.Build.0 = Release|Any CPU
		{26968263-E69F-401F-85A2-BC5F32549F3F}.Debug|Any CPU.ActiveCfg = Debug|Any CPU
		{26968263-E69F-401F-85A2-BC5F32549F3F}.Debug|Any CPU.Build.0 = Debug|Any CPU
		{26968263-E69F-401F-85A2-BC5F32549F3F}.Debug|x64.ActiveCfg = Debug|Any CPU
		{26968263-E69F-401F-85A2-BC5F32549F3F}.Debug|x64.Build.0 = Debug|Any CPU
		{26968263-E69F-401F-85A2-BC5F32549F3F}.Debug|x86.ActiveCfg = Debug|Any CPU
		{26968263-E69F-401F-85A2-BC5F32549F3F}.Debug|x86.Build.0 = Debug|Any CPU
		{26968263-E69F-401F-85A2-BC5F32549F3F}.Release|Any CPU.ActiveCfg = Release|Any CPU
		{26968263-E69F-401F-85A2-BC5F32549F3F}.Release|Any CPU.Build.0 = Release|Any CPU
		{26968263-E69F-401F-85A2-BC5F32549F3F}.Release|x64.ActiveCfg = Release|Any CPU
		{26968263-E69F-401F-85A2-BC5F32549F3F}.Release|x64.Build.0 = Release|Any CPU
		{26968263-E69F-401F-85A2-BC5F32549F3F}.Release|x86.ActiveCfg = Release|Any CPU
		{26968263-E69F-401F-85A2-BC5F32549F3F}.Release|x86.Build.0 = Release|Any CPU
		{81C4741C-131C-41C8-BF2B-D6236F22721F}.Debug|Any CPU.ActiveCfg = Debug|Any CPU
		{81C4741C-131C-41C8-BF2B-D6236F22721F}.Debug|Any CPU.Build.0 = Debug|Any CPU
		{81C4741C-131C-41C8-BF2B-D6236F22721F}.Debug|x64.ActiveCfg = Debug|Any CPU
		{81C4741C-131C-41C8-BF2B-D6236F22721F}.Debug|x64.Build.0 = Debug|Any CPU
		{81C4741C-131C-41C8-BF2B-D6236F22721F}.Debug|x86.ActiveCfg = Debug|Any CPU
		{81C4741C-131C-41C8-BF2B-D6236F22721F}.Debug|x86.Build.0 = Debug|Any CPU
		{81C4741C-131C-41C8-BF2B-D6236F22721F}.Release|Any CPU.ActiveCfg = Release|Any CPU
		{81C4741C-131C-41C8-BF2B-D6236F22721F}.Release|Any CPU.Build.0 = Release|Any CPU
		{81C4741C-131C-41C8-BF2B-D6236F22721F}.Release|x64.ActiveCfg = Release|Any CPU
		{81C4741C-131C-41C8-BF2B-D6236F22721F}.Release|x64.Build.0 = Release|Any CPU
		{81C4741C-131C-41C8-BF2B-D6236F22721F}.Release|x86.ActiveCfg = Release|Any CPU
		{81C4741C-131C-41C8-BF2B-D6236F22721F}.Release|x86.Build.0 = Release|Any CPU
		{A6E2B01C-6AE8-4154-81B9-DD68630AB0FE}.Debug|Any CPU.ActiveCfg = Debug|Any CPU
		{A6E2B01C-6AE8-4154-81B9-DD68630AB0FE}.Debug|Any CPU.Build.0 = Debug|Any CPU
		{A6E2B01C-6AE8-4154-81B9-DD68630AB0FE}.Debug|x64.ActiveCfg = Debug|Any CPU
		{A6E2B01C-6AE8-4154-81B9-DD68630AB0FE}.Debug|x64.Build.0 = Debug|Any CPU
		{A6E2B01C-6AE8-4154-81B9-DD68630AB0FE}.Debug|x86.ActiveCfg = Debug|Any CPU
		{A6E2B01C-6AE8-4154-81B9-DD68630AB0FE}.Debug|x86.Build.0 = Debug|Any CPU
		{A6E2B01C-6AE8-4154-81B9-DD68630AB0FE}.Release|Any CPU.ActiveCfg = Release|Any CPU
		{A6E2B01C-6AE8-4154-81B9-DD68630AB0FE}.Release|Any CPU.Build.0 = Release|Any CPU
		{A6E2B01C-6AE8-4154-81B9-DD68630AB0FE}.Release|x64.ActiveCfg = Release|Any CPU
		{A6E2B01C-6AE8-4154-81B9-DD68630AB0FE}.Release|x64.Build.0 = Release|Any CPU
		{A6E2B01C-6AE8-4154-81B9-DD68630AB0FE}.Release|x86.ActiveCfg = Release|Any CPU
		{A6E2B01C-6AE8-4154-81B9-DD68630AB0FE}.Release|x86.Build.0 = Release|Any CPU
		{9C95FF2B-41D0-4956-86D2-AFF7DD0438C3}.Debug|Any CPU.ActiveCfg = Debug|Any CPU
		{9C95FF2B-41D0-4956-86D2-AFF7DD0438C3}.Debug|Any CPU.Build.0 = Debug|Any CPU
		{9C95FF2B-41D0-4956-86D2-AFF7DD0438C3}.Debug|x64.ActiveCfg = Debug|Any CPU
		{9C95FF2B-41D0-4956-86D2-AFF7DD0438C3}.Debug|x64.Build.0 = Debug|Any CPU
		{9C95FF2B-41D0-4956-86D2-AFF7DD0438C3}.Debug|x86.ActiveCfg = Debug|Any CPU
		{9C95FF2B-41D0-4956-86D2-AFF7DD0438C3}.Debug|x86.Build.0 = Debug|Any CPU
		{9C95FF2B-41D0-4956-86D2-AFF7DD0438C3}.Release|Any CPU.ActiveCfg = Release|Any CPU
		{9C95FF2B-41D0-4956-86D2-AFF7DD0438C3}.Release|Any CPU.Build.0 = Release|Any CPU
		{9C95FF2B-41D0-4956-86D2-AFF7DD0438C3}.Release|x64.ActiveCfg = Release|Any CPU
		{9C95FF2B-41D0-4956-86D2-AFF7DD0438C3}.Release|x64.Build.0 = Release|Any CPU
		{9C95FF2B-41D0-4956-86D2-AFF7DD0438C3}.Release|x86.ActiveCfg = Release|Any CPU
		{9C95FF2B-41D0-4956-86D2-AFF7DD0438C3}.Release|x86.Build.0 = Release|Any CPU
	EndGlobalSection
	GlobalSection(NestedProjects) = preSolution
		{624824C1-EAC8-4C62-BB21-7057E0D3224B} = {4FA67627-D2EA-4D2E-8193-B98095C5EC2E}
		{420DE0AB-A6B9-469A-AFF0-D86C7CFF4C8C} = {4FA67627-D2EA-4D2E-8193-B98095C5EC2E}
		{B1D0D3E6-09A6-418E-8313-3345D19C0AB4} = {4FA67627-D2EA-4D2E-8193-B98095C5EC2E}
		{26968263-E69F-401F-85A2-BC5F32549F3F} = {4FA67627-D2EA-4D2E-8193-B98095C5EC2E}
		{81C4741C-131C-41C8-BF2B-D6236F22721F} = {36844016-2B3C-4754-8508-5C224E66BEF8}
		{A6E2B01C-6AE8-4154-81B9-DD68630AB0FE} = {36844016-2B3C-4754-8508-5C224E66BEF8}
		{9C95FF2B-41D0-4956-86D2-AFF7DD0438C3} = {36844016-2B3C-4754-8508-5C224E66BEF8}
	EndGlobalSection
EndGlobal
